
Microsoft Visual Studio Solution File, Format Version 12.00
# Visual Studio Version 16
VisualStudioVersion = 16.0.29215.179
MinimumVisualStudioVersion = 10.0.40219.1
Project("{FAE04EC0-301F-11D3-BF4B-00C04F79EFBC}") = "SerialCan", "SerialCan\SerialCan.csproj", "{AAA8B019-0128-476F-AA34-1429BE02AD43}"
EndProject
Global
	GlobalSection(SolutionConfigurationPlatforms) = preSolution
		Debug|Any CPU = Debug|Any CPU
		Release|Any CPU = Release|Any CPU
	EndGlobalSection
	GlobalSection(ProjectConfigurationPlatforms) = postSolution
		{AAA8B019-0128-476F-AA34-1429BE02AD43}.Debug|Any CPU.ActiveCfg = Debug|Any CPU
		{AAA8B019-0128-476F-AA34-1429BE02AD43}.Debug|Any CPU.Build.0 = Debug|Any CPU
		{AAA8B019-0128-476F-AA34-1429BE02AD43}.Release|Any CPU.ActiveCfg = Release|Any CPU
		{AAA8B019-0128-476F-AA34-1429BE02AD43}.Release|Any CPU.Build.0 = Release|Any CPU
	EndGlobalSection
	GlobalSection(SolutionProperties) = preSolution
		HideSolutionNode = FALSE
	EndGlobalSection
	GlobalSection(ExtensibilityGlobals) = postSolution
		SolutionGuid = {B13EDE94-5E98-497B-A8A4-DCFF7889180F}
	EndGlobalSection
EndGlobal
